
Microsoft Visual Studio Solution File, Format Version 12.00
# Visual Studio Version 16
VisualStudioVersion = 16.0.29411.108
MinimumVisualStudioVersion = 10.0.40219.1
Project("{FAE04EC0-301F-11D3-BF4B-00C04F79EFBC}") = "CarShopConsole", "CarShopConsole\CarShopConsole.csproj", "{96F710AC-4458-4620-B343-25591180D11E}"
EndProject
Project("{FAE04EC0-301F-11D3-BF4B-00C04F79EFBC}") = "CarShopLibrary", "CarShopLibrary\CarShopLibrary.csproj", "{8930B098-8A66-4886-A6C0-8942038BB3D2}"
EndProject
Project("{FAE04EC0-301F-11D3-BF4B-00C04F79EFBC}") = "CarShopWpf", "CarShopWpf\CarShopWpf.csproj", "{76574E26-EB93-4420-83DB-85848D41646E}"
EndProject
Project("{FAE04EC0-301F-11D3-BF4B-00C04F79EFBC}") = "CarWinForm", "CarWinForm\CarWinForm.csproj", "{6206C347-CABF-44AD-AB92-45947E2027BD}"
EndProject
Global
	GlobalSection(SolutionConfigurationPlatforms) = preSolution
		Debug|Any CPU = Debug|Any CPU
		Release|Any CPU = Release|Any CPU
	EndGlobalSection
	GlobalSection(ProjectConfigurationPlatforms) = postSolution
		{96F710AC-4458-4620-B343-25591180D11E}.Debug|Any CPU.ActiveCfg = Debug|Any CPU
		{96F710AC-4458-4620-B343-25591180D11E}.Debug|Any CPU.Build.0 = Debug|Any CPU
		{96F710AC-4458-4620-B343-25591180D11E}.Release|Any CPU.ActiveCfg = Release|Any CPU
		{96F710AC-4458-4620-B343-25591180D11E}.Release|Any CPU.Build.0 = Release|Any CPU
		{8930B098-8A66-4886-A6C0-8942038BB3D2}.Debug|Any CPU.ActiveCfg = Debug|Any CPU
		{8930B098-8A66-4886-A6C0-8942038BB3D2}.Debug|Any CPU.Build.0 = Debug|Any CPU
		{8930B098-8A66-4886-A6C0-8942038BB3D2}.Release|Any CPU.ActiveCfg = Release|Any CPU
		{8930B098-8A66-4886-A6C0-8942038BB3D2}.Release|Any CPU.Build.0 = Release|Any CPU
		{76574E26-EB93-4420-83DB-85848D41646E}.Debug|Any CPU.ActiveCfg = Debug|Any CPU
		{76574E26-EB93-4420-83DB-85848D41646E}.Debug|Any CPU.Build.0 = Debug|Any CPU
		{76574E26-EB93-4420-83DB-85848D41646E}.Release|Any CPU.ActiveCfg = Release|Any CPU
		{76574E26-EB93-4420-83DB-85848D41646E}.Release|Any CPU.Build.0 = Release|Any CPU
		{6206C347-CABF-44AD-AB92-45947E2027BD}.Debug|Any CPU.ActiveCfg = Debug|Any CPU
		{6206C347-CABF-44AD-AB92-45947E2027BD}.Debug|Any CPU.Build.0 = Debug|Any CPU
		{6206C347-CABF-44AD-AB92-45947E2027BD}.Release|Any CPU.ActiveCfg = Release|Any CPU
		{6206C347-CABF-44AD-AB92-45947E2027BD}.Release|Any CPU.Build.0 = Release|Any CPU
	EndGlobalSection
	GlobalSection(SolutionProperties) = preSolution
		HideSolutionNode = FALSE
	EndGlobalSection
	GlobalSection(ExtensibilityGlobals) = postSolution
		SolutionGuid = {5A7DADB3-5BD0-4990-A921-4A6943948F8D}
	EndGlobalSection
EndGlobal
